
Microsoft Visual Studio Solution File, Format Version 12.00
# Visual Studio Version 17
VisualStudioVersion = 17.0.31903.59
MinimumVisualStudioVersion = 10.0.40219.1
Project("{2150E333-8FDC-42A3-9474-1A3956D46DE8}") = "src", "src", "{E4396537-60D5-40A3-AFF7-7CFEF4E45A0B}"
EndProject
Project("{FAE04EC0-301F-11D3-BF4B-00C04F79EFBC}") = "University.Core", "src\University.Core\University.Core.csproj", "{F7919C7A-24D2-4EE5-9BBB-3C6BB81755ED}"
EndProject
Project("{FAE04EC0-301F-11D3-BF4B-00C04F79EFBC}") = "University.Console", "src\University.Console\University.Console.csproj", "{225907CC-B448-498D-8B3E-9C0B18DA9A01}"
EndProject
Project("{2150E333-8FDC-42A3-9474-1A3956D46DE8}") = "tests", "tests", "{D4566C1C-1DB7-46A8-AD80-626B5CF65567}"
EndProject
Project("{FAE04EC0-301F-11D3-BF4B-00C04F79EFBC}") = "University.Tests", "tests\University.Tests\University.Tests.csproj", "{338F920E-13C2-43AE-8EED-AF5C635ACF4A}"
EndProject
Global
	GlobalSection(SolutionConfigurationPlatforms) = preSolution
		Debug|Any CPU = Debug|Any CPU
		Release|Any CPU = Release|Any CPU
	EndGlobalSection
	GlobalSection(SolutionProperties) = preSolution
		HideSolutionNode = FALSE
	EndGlobalSection
	GlobalSection(ProjectConfigurationPlatforms) = postSolution
		{F7919C7A-24D2-4EE5-9BBB-3C6BB81755ED}.Debug|Any CPU.ActiveCfg = Debug|Any CPU
		{F7919C7A-24D2-4EE5-9BBB-3C6BB81755ED}.Debug|Any CPU.Build.0 = Debug|Any CPU
		{F7919C7A-24D2-4EE5-9BBB-3C6BB81755ED}.Release|Any CPU.ActiveCfg = Release|Any CPU
		{F7919C7A-24D2-4EE5-9BBB-3C6BB81755ED}.Release|Any CPU.Build.0 = Release|Any CPU
		{225907CC-B448-498D-8B3E-9C0B18DA9A01}.Debug|Any CPU.ActiveCfg = Debug|Any CPU
		{225907CC-B448-498D-8B3E-9C0B18DA9A01}.Debug|Any CPU.Build.0 = Debug|Any CPU
		{225907CC-B448-498D-8B3E-9C0B18DA9A01}.Release|Any CPU.ActiveCfg = Release|Any CPU
		{225907CC-B448-498D-8B3E-9C0B18DA9A01}.Release|Any CPU.Build.0 = Release|Any CPU
		{338F920E-13C2-43AE-8EED-AF5C635ACF4A}.Debug|Any CPU.ActiveCfg = Debug|Any CPU
		{338F920E-13C2-43AE-8EED-AF5C635ACF4A}.Debug|Any CPU.Build.0 = Debug|Any CPU
		{338F920E-13C2-43AE-8EED-AF5C635ACF4A}.Release|Any CPU.ActiveCfg = Release|Any CPU
		{338F920E-13C2-43AE-8EED-AF5C635ACF4A}.Release|Any CPU.Build.0 = Release|Any CPU
	EndGlobalSection
	GlobalSection(NestedProjects) = preSolution
		{F7919C7A-24D2-4EE5-9BBB-3C6BB81755ED} = {E4396537-60D5-40A3-AFF7-7CFEF4E45A0B}
		{225907CC-B448-498D-8B3E-9C0B18DA9A01} = {E4396537-60D5-40A3-AFF7-7CFEF4E45A0B}
		{338F920E-13C2-43AE-8EED-AF5C635ACF4A} = {D4566C1C-1DB7-46A8-AD80-626B5CF65567}
	EndGlobalSection
EndGlobal
